
Microsoft Visual Studio Solution File, Format Version 12.00
# Visual Studio 2013
VisualStudioVersion = 12.0.40629.0
MinimumVisualStudioVersion = 10.0.40219.1
Project("{FAE04EC0-301F-11D3-BF4B-00C04F79EFBC}") = "PT_MessengerServer", "PT_MessengerServer\PT_MessengerServer.csproj", "{3339B62B-5F20-4BEB-B4D1-DC9F52127BB1}"
EndProject
Global
	GlobalSection(SolutionConfigurationPlatforms) = preSolution
		Debug|Any CPU = Debug|Any CPU
		Release|Any CPU = Release|Any CPU
	EndGlobalSection
	GlobalSection(ProjectConfigurationPlatforms) = postSolution
		{3339B62B-5F20-4BEB-B4D1-DC9F52127BB1}.Debug|Any CPU.ActiveCfg = Debug|Any CPU
		{3339B62B-5F20-4BEB-B4D1-DC9F52127BB1}.Debug|Any CPU.Build.0 = Debug|Any CPU
		{3339B62B-5F20-4BEB-B4D1-DC9F52127BB1}.Release|Any CPU.ActiveCfg = Release|Any CPU
		{3339B62B-5F20-4BEB-B4D1-DC9F52127BB1}.Release|Any CPU.Build.0 = Release|Any CPU
	EndGlobalSection
	GlobalSection(SolutionProperties) = preSolution
		HideSolutionNode = FALSE
	EndGlobalSection
EndGlobal
